
Microsoft Visual Studio Solution File, Format Version 12.00
# Visual Studio Version 17
VisualStudioVersion = 17.13.35825.156 d17.13
MinimumVisualStudioVersion = 10.0.40219.1
Project("{FAE04EC0-301F-11D3-BF4B-00C04F79EFBC}") = "sistema_inclusiON", "sistema_inclusiON.csproj", "{86E3038C-EAB6-43DB-80A2-25C367ADDECA}"
EndProject
Global
	GlobalSection(SolutionConfigurationPlatforms) = preSolution
		Debug|Any CPU = Debug|Any CPU
		Release|Any CPU = Release|Any CPU
	EndGlobalSection
	GlobalSection(ProjectConfigurationPlatforms) = postSolution
		{86E3038C-EAB6-43DB-80A2-25C367ADDECA}.Debug|Any CPU.ActiveCfg = Debug|Any CPU
		{86E3038C-EAB6-43DB-80A2-25C367ADDECA}.Debug|Any CPU.Build.0 = Debug|Any CPU
		{86E3038C-EAB6-43DB-80A2-25C367ADDECA}.Release|Any CPU.ActiveCfg = Release|Any CPU
		{86E3038C-EAB6-43DB-80A2-25C367ADDECA}.Release|Any CPU.Build.0 = Release|Any CPU
	EndGlobalSection
	GlobalSection(SolutionProperties) = preSolution
		HideSolutionNode = FALSE
	EndGlobalSection
	GlobalSection(ExtensibilityGlobals) = postSolution
		SolutionGuid = {66E1650E-6F04-4FA3-8D17-ABA9F1DEE84D}
	EndGlobalSection
EndGlobal
